
Microsoft Visual Studio Solution File, Format Version 12.00
# Visual Studio 2013
VisualStudioVersion = 12.0.31101.0
MinimumVisualStudioVersion = 10.0.40219.1
Project("{FAE04EC0-301F-11D3-BF4B-00C04F79EFBC}") = "Niqiu.Core", "Niqiu.Core\Niqiu.Core.csproj", "{B527B1FE-4490-4AEB-8797-B6B6FFE78D32}"
EndProject
Project("{FAE04EC0-301F-11D3-BF4B-00C04F79EFBC}") = "Portal.MVC", "Portal.MVC\Portal.MVC.csproj", "{0C52BC50-63A4-48C6-B4CC-CAD04D59FC5B}"
EndProject
Global
	GlobalSection(SolutionConfigurationPlatforms) = preSolution
		Debug|Any CPU = Debug|Any CPU
		Release|Any CPU = Release|Any CPU
	EndGlobalSection
	GlobalSection(ProjectConfigurationPlatforms) = postSolution
		{B527B1FE-4490-4AEB-8797-B6B6FFE78D32}.Debug|Any CPU.ActiveCfg = Debug|Any CPU
		{B527B1FE-4490-4AEB-8797-B6B6FFE78D32}.Debug|Any CPU.Build.0 = Debug|Any CPU
		{B527B1FE-4490-4AEB-8797-B6B6FFE78D32}.Release|Any CPU.ActiveCfg = Release|Any CPU
		{B527B1FE-4490-4AEB-8797-B6B6FFE78D32}.Release|Any CPU.Build.0 = Release|Any CPU
		{0C52BC50-63A4-48C6-B4CC-CAD04D59FC5B}.Debug|Any CPU.ActiveCfg = Debug|Any CPU
		{0C52BC50-63A4-48C6-B4CC-CAD04D59FC5B}.Debug|Any CPU.Build.0 = Debug|Any CPU
		{0C52BC50-63A4-48C6-B4CC-CAD04D59FC5B}.Release|Any CPU.ActiveCfg = Release|Any CPU
		{0C52BC50-63A4-48C6-B4CC-CAD04D59FC5B}.Release|Any CPU.Build.0 = Release|Any CPU
	EndGlobalSection
	GlobalSection(SolutionProperties) = preSolution
		HideSolutionNode = FALSE
	EndGlobalSection
EndGlobal
